
Microsoft Visual Studio Solution File, Format Version 12.00
# Visual Studio Version 17
VisualStudioVersion = 17.3.32929.385
MinimumVisualStudioVersion = 10.0.40219.1
Project("{9A19103F-16F7-4668-BE54-9A1E7A4F7556}") = "QueueExample", "QueueExample\QueueExample.csproj", "{19D0F8B4-9FE4-45CE-8BF5-E9B62058B197}"
EndProject
Project("{FAE04EC0-301F-11D3-BF4B-00C04F79EFBC}") = "ChessLibrary", "ChessLibrary\ChessLibrary.csproj", "{0179135B-337D-4E95-9FD2-AA4DDFC03CB3}"
EndProject
Global
	GlobalSection(SolutionConfigurationPlatforms) = preSolution
		Debug|Any CPU = Debug|Any CPU
		Release|Any CPU = Release|Any CPU
	EndGlobalSection
	GlobalSection(ProjectConfigurationPlatforms) = postSolution
		{19D0F8B4-9FE4-45CE-8BF5-E9B62058B197}.Debug|Any CPU.ActiveCfg = Debug|Any CPU
		{19D0F8B4-9FE4-45CE-8BF5-E9B62058B197}.Debug|Any CPU.Build.0 = Debug|Any CPU
		{19D0F8B4-9FE4-45CE-8BF5-E9B62058B197}.Release|Any CPU.ActiveCfg = Release|Any CPU
		{19D0F8B4-9FE4-45CE-8BF5-E9B62058B197}.Release|Any CPU.Build.0 = Release|Any CPU
		{0179135B-337D-4E95-9FD2-AA4DDFC03CB3}.Debug|Any CPU.ActiveCfg = Debug|Any CPU
		{0179135B-337D-4E95-9FD2-AA4DDFC03CB3}.Debug|Any CPU.Build.0 = Debug|Any CPU
		{0179135B-337D-4E95-9FD2-AA4DDFC03CB3}.Release|Any CPU.ActiveCfg = Release|Any CPU
		{0179135B-337D-4E95-9FD2-AA4DDFC03CB3}.Release|Any CPU.Build.0 = Release|Any CPU
	EndGlobalSection
	GlobalSection(SolutionProperties) = preSolution
		HideSolutionNode = FALSE
	EndGlobalSection
	GlobalSection(ExtensibilityGlobals) = postSolution
		SolutionGuid = {18F49C16-7C29-4F23-AFCD-82B63621FE1E}
	EndGlobalSection
EndGlobal
