
Microsoft Visual Studio Solution File, Format Version 12.00
# Visual Studio Version 17
VisualStudioVersion = 17.4.33110.190
MinimumVisualStudioVersion = 10.0.40219.1
Project("{9A19103F-16F7-4668-BE54-9A1E7A4F7556}") = "morskoy", "morskoy\morskoy.csproj", "{0B8C6566-617E-497B-A144-04E1F31A7A81}"
EndProject
Project("{9A19103F-16F7-4668-BE54-9A1E7A4F7556}") = "ConsoleApp", "ConsoleApp\ConsoleApp.csproj", "{8DD0A6E2-1960-4AA4-8C1E-0AB9CF17488C}"
EndProject
Project("{FAE04EC0-301F-11D3-BF4B-00C04F79EFBC}") = "WarShip.Test", "WarShip\WarShip.Test.csproj", "{D6BDF2D1-8B73-49C1-8043-2273D5B0DFC4}"
EndProject
Global
	GlobalSection(SolutionConfigurationPlatforms) = preSolution
		Debug|Any CPU = Debug|Any CPU
		Release|Any CPU = Release|Any CPU
	EndGlobalSection
	GlobalSection(ProjectConfigurationPlatforms) = postSolution
		{0B8C6566-617E-497B-A144-04E1F31A7A81}.Debug|Any CPU.ActiveCfg = Debug|Any CPU
		{0B8C6566-617E-497B-A144-04E1F31A7A81}.Debug|Any CPU.Build.0 = Debug|Any CPU
		{0B8C6566-617E-497B-A144-04E1F31A7A81}.Release|Any CPU.ActiveCfg = Release|Any CPU
		{0B8C6566-617E-497B-A144-04E1F31A7A81}.Release|Any CPU.Build.0 = Release|Any CPU
		{8DD0A6E2-1960-4AA4-8C1E-0AB9CF17488C}.Debug|Any CPU.ActiveCfg = Debug|Any CPU
		{8DD0A6E2-1960-4AA4-8C1E-0AB9CF17488C}.Debug|Any CPU.Build.0 = Debug|Any CPU
		{8DD0A6E2-1960-4AA4-8C1E-0AB9CF17488C}.Release|Any CPU.ActiveCfg = Release|Any CPU
		{8DD0A6E2-1960-4AA4-8C1E-0AB9CF17488C}.Release|Any CPU.Build.0 = Release|Any CPU
		{D6BDF2D1-8B73-49C1-8043-2273D5B0DFC4}.Debug|Any CPU.ActiveCfg = Debug|Any CPU
		{D6BDF2D1-8B73-49C1-8043-2273D5B0DFC4}.Debug|Any CPU.Build.0 = Debug|Any CPU
		{D6BDF2D1-8B73-49C1-8043-2273D5B0DFC4}.Release|Any CPU.ActiveCfg = Release|Any CPU
		{D6BDF2D1-8B73-49C1-8043-2273D5B0DFC4}.Release|Any CPU.Build.0 = Release|Any CPU
	EndGlobalSection
	GlobalSection(SolutionProperties) = preSolution
		HideSolutionNode = FALSE
	EndGlobalSection
	GlobalSection(ExtensibilityGlobals) = postSolution
		SolutionGuid = {2CF9AFB3-A70F-4AC6-B602-B555F28DD529}
	EndGlobalSection
EndGlobal
